
Microsoft Visual Studio Solution File, Format Version 12.00
# Visual Studio Version 17
VisualStudioVersion = 17.14.36203.30 d17.14
MinimumVisualStudioVersion = 10.0.40219.1
Project("{FAE04EC0-301F-11D3-BF4B-00C04F79EFBC}") = "WatchTemplate", "WatchTemplate.csproj", "{20B2EBE4-2373-44FB-90CB-D50059E8024D}"
EndProject
Global
	GlobalSection(SolutionConfigurationPlatforms) = preSolution
		Debug|Any CPU = Debug|Any CPU
		Release|Any CPU = Release|Any CPU
	EndGlobalSection
	GlobalSection(ProjectConfigurationPlatforms) = postSolution
		{20B2EBE4-2373-44FB-90CB-D50059E8024D}.Debug|Any CPU.ActiveCfg = Debug|Any CPU
		{20B2EBE4-2373-44FB-90CB-D50059E8024D}.Debug|Any CPU.Build.0 = Debug|Any CPU
		{20B2EBE4-2373-44FB-90CB-D50059E8024D}.Release|Any CPU.ActiveCfg = Release|Any CPU
		{20B2EBE4-2373-44FB-90CB-D50059E8024D}.Release|Any CPU.Build.0 = Release|Any CPU
	EndGlobalSection
	GlobalSection(SolutionProperties) = preSolution
		HideSolutionNode = FALSE
	EndGlobalSection
	GlobalSection(ExtensibilityGlobals) = postSolution
		SolutionGuid = {BDC2D0D9-A8C7-446A-A5C2-3F0FC35CF75A}
	EndGlobalSection
EndGlobal
